
Microsoft Visual Studio Solution File, Format Version 12.00
# Visual Studio 2012
Project("{FAE04EC0-301F-11D3-BF4B-00C04F79EFBC}") = "PadroesDeProjetos.Strategy", "PadroesDeProjetos.Strategy\PadroesDeProjetos.Strategy.csproj", "{AF88701E-EB0C-4B3D-A23C-4B1EE33585E3}"
EndProject
Project("{FAE04EC0-301F-11D3-BF4B-00C04F79EFBC}") = "PadroesDeProjetos.ChainOfResponsibility", "PadroesDeProjetos.ChainOfResponsibility\PadroesDeProjetos.ChainOfResponsibility.csproj", "{1BCBA57F-5B5E-4636-8D7C-6DD483F1C706}"
EndProject
Project("{FAE04EC0-301F-11D3-BF4B-00C04F79EFBC}") = "PadroesDeProjetos.TemplateMethod", "PadroesDeProjetos.TemplateMethod\PadroesDeProjetos.TemplateMethod.csproj", "{E00B1863-3AAD-474E-A17A-E9A3E51F1549}"
EndProject
Project("{FAE04EC0-301F-11D3-BF4B-00C04F79EFBC}") = "PadroesDeProjetos.Decorator", "PadroesDeProjetos.Decorator\PadroesDeProjetos.Decorator.csproj", "{BF8F4543-AD69-4EBA-952F-07D1251C575E}"
EndProject
Project("{FAE04EC0-301F-11D3-BF4B-00C04F79EFBC}") = "PadroesDeProjetos.State", "PadroesDeProjetos.State\PadroesDeProjetos.State.csproj", "{0AC24770-09FD-4477-98B7-DD19C537C9AF}"
EndProject
Project("{FAE04EC0-301F-11D3-BF4B-00C04F79EFBC}") = "PadroesDeProjetos.Builder", "PadroesDeProjetos.Builder\PadroesDeProjetos.Builder.csproj", "{25E9C4C7-46F1-4D0E-9E78-4631D0F0E47F}"
EndProject
Project("{FAE04EC0-301F-11D3-BF4B-00C04F79EFBC}") = "PadroesDeProjetos.Observer", "PadroesDeProjetos.Observer\PadroesDeProjetos.Observer.csproj", "{5651579D-4050-488C-B42A-26676D51D595}"
EndProject
Global
	GlobalSection(SolutionConfigurationPlatforms) = preSolution
		Debug|Any CPU = Debug|Any CPU
		Release|Any CPU = Release|Any CPU
	EndGlobalSection
	GlobalSection(ProjectConfigurationPlatforms) = postSolution
		{AF88701E-EB0C-4B3D-A23C-4B1EE33585E3}.Debug|Any CPU.ActiveCfg = Debug|Any CPU
		{AF88701E-EB0C-4B3D-A23C-4B1EE33585E3}.Debug|Any CPU.Build.0 = Debug|Any CPU
		{AF88701E-EB0C-4B3D-A23C-4B1EE33585E3}.Release|Any CPU.ActiveCfg = Release|Any CPU
		{AF88701E-EB0C-4B3D-A23C-4B1EE33585E3}.Release|Any CPU.Build.0 = Release|Any CPU
		{1BCBA57F-5B5E-4636-8D7C-6DD483F1C706}.Debug|Any CPU.ActiveCfg = Debug|Any CPU
		{1BCBA57F-5B5E-4636-8D7C-6DD483F1C706}.Debug|Any CPU.Build.0 = Debug|Any CPU
		{1BCBA57F-5B5E-4636-8D7C-6DD483F1C706}.Release|Any CPU.ActiveCfg = Release|Any CPU
		{1BCBA57F-5B5E-4636-8D7C-6DD483F1C706}.Release|Any CPU.Build.0 = Release|Any CPU
		{E00B1863-3AAD-474E-A17A-E9A3E51F1549}.Debug|Any CPU.ActiveCfg = Debug|Any CPU
		{E00B1863-3AAD-474E-A17A-E9A3E51F1549}.Debug|Any CPU.Build.0 = Debug|Any CPU
		{E00B1863-3AAD-474E-A17A-E9A3E51F1549}.Release|Any CPU.ActiveCfg = Release|Any CPU
		{E00B1863-3AAD-474E-A17A-E9A3E51F1549}.Release|Any CPU.Build.0 = Release|Any CPU
		{BF8F4543-AD69-4EBA-952F-07D1251C575E}.Debug|Any CPU.ActiveCfg = Debug|Any CPU
		{BF8F4543-AD69-4EBA-952F-07D1251C575E}.Debug|Any CPU.Build.0 = Debug|Any CPU
		{BF8F4543-AD69-4EBA-952F-07D1251C575E}.Release|Any CPU.ActiveCfg = Release|Any CPU
		{BF8F4543-AD69-4EBA-952F-07D1251C575E}.Release|Any CPU.Build.0 = Release|Any CPU
		{0AC24770-09FD-4477-98B7-DD19C537C9AF}.Debug|Any CPU.ActiveCfg = Debug|Any CPU
		{0AC24770-09FD-4477-98B7-DD19C537C9AF}.Debug|Any CPU.Build.0 = Debug|Any CPU
		{0AC24770-09FD-4477-98B7-DD19C537C9AF}.Release|Any CPU.ActiveCfg = Release|Any CPU
		{0AC24770-09FD-4477-98B7-DD19C537C9AF}.Release|Any CPU.Build.0 = Release|Any CPU
		{25E9C4C7-46F1-4D0E-9E78-4631D0F0E47F}.Debug|Any CPU.ActiveCfg = Debug|Any CPU
		{25E9C4C7-46F1-4D0E-9E78-4631D0F0E47F}.Debug|Any CPU.Build.0 = Debug|Any CPU
		{25E9C4C7-46F1-4D0E-9E78-4631D0F0E47F}.Release|Any CPU.ActiveCfg = Release|Any CPU
		{25E9C4C7-46F1-4D0E-9E78-4631D0F0E47F}.Release|Any CPU.Build.0 = Release|Any CPU
		{5651579D-4050-488C-B42A-26676D51D595}.Debug|Any CPU.ActiveCfg = Debug|Any CPU
		{5651579D-4050-488C-B42A-26676D51D595}.Debug|Any CPU.Build.0 = Debug|Any CPU
		{5651579D-4050-488C-B42A-26676D51D595}.Release|Any CPU.ActiveCfg = Release|Any CPU
		{5651579D-4050-488C-B42A-26676D51D595}.Release|Any CPU.Build.0 = Release|Any CPU
	EndGlobalSection
	GlobalSection(SolutionProperties) = preSolution
		HideSolutionNode = FALSE
	EndGlobalSection
EndGlobal
