
Microsoft Visual Studio Solution File, Format Version 12.00
# Visual Studio 2012
Project("{FAE04EC0-301F-11D3-BF4B-00C04F79EFBC}") = "PadroesDeProjetos.Strategy", "PadroesDeProjetos.Strategy\PadroesDeProjetos.Strategy.csproj", "{AF88701E-EB0C-4B3D-A23C-4B1EE33585E3}"
EndProject
Global
	GlobalSection(SolutionConfigurationPlatforms) = preSolution
		Debug|Any CPU = Debug|Any CPU
		Release|Any CPU = Release|Any CPU
	EndGlobalSection
	GlobalSection(ProjectConfigurationPlatforms) = postSolution
		{AF88701E-EB0C-4B3D-A23C-4B1EE33585E3}.Debug|Any CPU.ActiveCfg = Debug|Any CPU
		{AF88701E-EB0C-4B3D-A23C-4B1EE33585E3}.Debug|Any CPU.Build.0 = Debug|Any CPU
		{AF88701E-EB0C-4B3D-A23C-4B1EE33585E3}.Release|Any CPU.ActiveCfg = Release|Any CPU
		{AF88701E-EB0C-4B3D-A23C-4B1EE33585E3}.Release|Any CPU.Build.0 = Release|Any CPU
	EndGlobalSection
	GlobalSection(SolutionProperties) = preSolution
		HideSolutionNode = FALSE
	EndGlobalSection
EndGlobal
